
Microsoft Visual Studio Solution File, Format Version 12.00
# Visual Studio Version 16
VisualStudioVersion = 16.0.30517.126
MinimumVisualStudioVersion = 10.0.40219.1
Project("{9A19103F-16F7-4668-BE54-9A1E7A4F7556}") = "NeuralGas", "NeuralGas.csproj", "{CC1CE8F1-69F2-41FF-A618-2355CC18CD02}"
EndProject
Project("{9A19103F-16F7-4668-BE54-9A1E7A4F7556}") = "NauralGasLib", "..\NauralGasLib\NauralGasLib.csproj", "{C825CB0F-0DFC-4087-AFE1-B51D854D5F50}"
EndProject
Project("{FAE04EC0-301F-11D3-BF4B-00C04F79EFBC}") = "MLDataLib", "..\MLDataLib\MLDataLib.csproj", "{D5F82DAF-DE5E-48AC-A8F1-CD6FB55FAE24}"
EndProject
Global
	GlobalSection(SolutionConfigurationPlatforms) = preSolution
		Debug|Any CPU = Debug|Any CPU
		Release|Any CPU = Release|Any CPU
	EndGlobalSection
	GlobalSection(ProjectConfigurationPlatforms) = postSolution
		{CC1CE8F1-69F2-41FF-A618-2355CC18CD02}.Debug|Any CPU.ActiveCfg = Debug|Any CPU
		{CC1CE8F1-69F2-41FF-A618-2355CC18CD02}.Debug|Any CPU.Build.0 = Debug|Any CPU
		{CC1CE8F1-69F2-41FF-A618-2355CC18CD02}.Release|Any CPU.ActiveCfg = Release|Any CPU
		{CC1CE8F1-69F2-41FF-A618-2355CC18CD02}.Release|Any CPU.Build.0 = Release|Any CPU
		{C825CB0F-0DFC-4087-AFE1-B51D854D5F50}.Debug|Any CPU.ActiveCfg = Debug|Any CPU
		{C825CB0F-0DFC-4087-AFE1-B51D854D5F50}.Debug|Any CPU.Build.0 = Debug|Any CPU
		{C825CB0F-0DFC-4087-AFE1-B51D854D5F50}.Release|Any CPU.ActiveCfg = Release|Any CPU
		{C825CB0F-0DFC-4087-AFE1-B51D854D5F50}.Release|Any CPU.Build.0 = Release|Any CPU
		{D5F82DAF-DE5E-48AC-A8F1-CD6FB55FAE24}.Debug|Any CPU.ActiveCfg = Debug|Any CPU
		{D5F82DAF-DE5E-48AC-A8F1-CD6FB55FAE24}.Debug|Any CPU.Build.0 = Debug|Any CPU
		{D5F82DAF-DE5E-48AC-A8F1-CD6FB55FAE24}.Release|Any CPU.ActiveCfg = Release|Any CPU
		{D5F82DAF-DE5E-48AC-A8F1-CD6FB55FAE24}.Release|Any CPU.Build.0 = Release|Any CPU
	EndGlobalSection
	GlobalSection(SolutionProperties) = preSolution
		HideSolutionNode = FALSE
	EndGlobalSection
	GlobalSection(ExtensibilityGlobals) = postSolution
		SolutionGuid = {4D627DBD-62F6-42EE-863F-DA6CE1A91D72}
	EndGlobalSection
EndGlobal
