
Microsoft Visual Studio Solution File, Format Version 12.00
# Visual Studio Version 16
VisualStudioVersion = 16.0.30517.126
MinimumVisualStudioVersion = 10.0.40219.1
Project("{FAE04EC0-301F-11D3-BF4B-00C04F79EFBC}") = "WTA", "WTA\WTA.csproj", "{112F32DB-B2E4-41B8-BE72-FFB862A4E4F4}"
EndProject
Project("{9A19103F-16F7-4668-BE54-9A1E7A4F7556}") = "MLDataLib", "..\..\Library\MLDataLib\MLDataLib.csproj", "{4CBCDD1D-868A-451E-A589-503BE3D8DE52}"
EndProject
Global
	GlobalSection(SolutionConfigurationPlatforms) = preSolution
		Debug|Any CPU = Debug|Any CPU
		Release|Any CPU = Release|Any CPU
	EndGlobalSection
	GlobalSection(ProjectConfigurationPlatforms) = postSolution
		{112F32DB-B2E4-41B8-BE72-FFB862A4E4F4}.Debug|Any CPU.ActiveCfg = Debug|Any CPU
		{112F32DB-B2E4-41B8-BE72-FFB862A4E4F4}.Debug|Any CPU.Build.0 = Debug|Any CPU
		{112F32DB-B2E4-41B8-BE72-FFB862A4E4F4}.Release|Any CPU.ActiveCfg = Release|Any CPU
		{112F32DB-B2E4-41B8-BE72-FFB862A4E4F4}.Release|Any CPU.Build.0 = Release|Any CPU
		{4CBCDD1D-868A-451E-A589-503BE3D8DE52}.Debug|Any CPU.ActiveCfg = Debug|Any CPU
		{4CBCDD1D-868A-451E-A589-503BE3D8DE52}.Debug|Any CPU.Build.0 = Debug|Any CPU
		{4CBCDD1D-868A-451E-A589-503BE3D8DE52}.Release|Any CPU.ActiveCfg = Release|Any CPU
		{4CBCDD1D-868A-451E-A589-503BE3D8DE52}.Release|Any CPU.Build.0 = Release|Any CPU
	EndGlobalSection
	GlobalSection(SolutionProperties) = preSolution
		HideSolutionNode = FALSE
	EndGlobalSection
	GlobalSection(ExtensibilityGlobals) = postSolution
		SolutionGuid = {DB5E2F6E-0940-4765-A280-C1AD0AD60087}
	EndGlobalSection
EndGlobal
